// !$*UTF8*$!
{
	archiveVersion = 1;
	classes = {
	};
	objectVersion = 50;
	objects = {

/* Begin PBXBuildFile section */
		783566FB26745DF4008F9DA7 /* AlphaHacksApp.swift in Sources */ = {isa = PBXBuildFile; fileRef = 783566FA26745DF4008F9DA7 /* AlphaHacksApp.swift */; };
		783566FD26745DF4008F9DA7 /* ContentView.swift in Sources */ = {isa = PBXBuildFile; fileRef = 783566FC26745DF4008F9DA7 /* ContentView.swift */; };
		783566FF26745DF6008F9DA7 /* Assets.xcassets in Resources */ = {isa = PBXBuildFile; fileRef = 783566FE26745DF6008F9DA7 /* Assets.xcassets */; };
		7835670226745DF6008F9DA7 /* Preview Assets.xcassets in Resources */ = {isa = PBXBuildFile; fileRef = 7835670126745DF6008F9DA7 /* Preview Assets.xcassets */; };
		78D4E62226751A6B00AC1E4E /* CameraBase.swift in Sources */ = {isa = PBXBuildFile; fileRef = 78D4E62126751A6B00AC1E4E /* CameraBase.swift */; };
		78D4E6242675240200AC1E4E /* AppState.swift in Sources */ = {isa = PBXBuildFile; fileRef = 78D4E6232675240200AC1E4E /* AppState.swift */; };
/* End PBXBuildFile section */

/* Begin PBXFileReference section */
		783566F726745DF4008F9DA7 /* AlphaHacks.app */ = {isa = PBXFileReference; explicitFileType = wrapper.application; includeInIndex = 0; path = AlphaHacks.app; sourceTree = BUILT_PRODUCTS_DIR; };
		783566FA26745DF4008F9DA7 /* AlphaHacksApp.swift */ = {isa = PBXFileReference; lastKnownFileType = sourcecode.swift; path = AlphaHacksApp.swift; sourceTree = "<group>"; };
		783566FC26745DF4008F9DA7 /* ContentView.swift */ = {isa = PBXFileReference; lastKnownFileType = sourcecode.swift; path = ContentView.swift; sourceTree = "<group>"; };
		783566FE26745DF6008F9DA7 /* Assets.xcassets */ = {isa = PBXFileReference; lastKnownFileType = folder.assetcatalog; path = Assets.xcassets; sourceTree = "<group>"; };
		7835670126745DF6008F9DA7 /* Preview Assets.xcassets */ = {isa = PBXFileReference; lastKnownFileType = folder.assetcatalog; path = "Preview Assets.xcassets"; sourceTree = "<group>"; };
		7835670326745DF6008F9DA7 /* Info.plist */ = {isa = PBXFileReference; lastKnownFileType = text.plist.xml; path = Info.plist; sourceTree = "<group>"; };
		78D4E62126751A6B00AC1E4E /* CameraBase.swift */ = {isa = PBXFileReference; lastKnownFileType = sourcecode.swift; path = CameraBase.swift; sourceTree = "<group>"; };
		78D4E6232675240200AC1E4E /* AppState.swift */ = {isa = PBXFileReference; lastKnownFileType = sourcecode.swift; path = AppState.swift; sourceTree = "<group>"; };
/* End PBXFileReference section */

/* Begin PBXFrameworksBuildPhase section */
		783566F426745DF4008F9DA7 /* Frameworks */ = {
			isa = PBXFrameworksBuildPhase;
			buildActionMask = 2147483647;
			files = (
			);
			runOnlyForDeploymentPostprocessing = 0;
		};
/* End PBXFrameworksBuildPhase section */

/* Begin PBXGroup section */
		783566EE26745DF4008F9DA7 = {
			isa = PBXGroup;
			children = (
				783566F926745DF4008F9DA7 /* AlphaHacks */,
				783566F826745DF4008F9DA7 /* Products */,
			);
			sourceTree = "<group>";
		};
		783566F826745DF4008F9DA7 /* Products */ = {
			isa = PBXGroup;
			children = (
				783566F726745DF4008F9DA7 /* AlphaHacks.app */,
			);
			name = Products;
			sourceTree = "<group>";
		};
		783566F926745DF4008F9DA7 /* AlphaHacks */ = {
			isa = PBXGroup;
			children = (
				783566FA26745DF4008F9DA7 /* AlphaHacksApp.swift */,
				783566FC26745DF4008F9DA7 /* ContentView.swift */,
				783566FE26745DF6008F9DA7 /* Assets.xcassets */,
				7835670326745DF6008F9DA7 /* Info.plist */,
				7835670026745DF6008F9DA7 /* Preview Content */,
				78D4E62126751A6B00AC1E4E /* CameraBase.swift */,
				78D4E6232675240200AC1E4E /* AppState.swift */,
			);
			path = AlphaHacks;
			sourceTree = "<group>";
		};
		7835670026745DF6008F9DA7 /* Preview Content */ = {
			isa = PBXGroup;
			children = (
				7835670126745DF6008F9DA7 /* Preview Assets.xcassets */,
			);
			path = "Preview Content";
			sourceTree = "<group>";
		};
/* End PBXGroup section */

/* Begin PBXNativeTarget section */
		783566F626745DF4008F9DA7 /* AlphaHacks */ = {
			isa = PBXNativeTarget;
			buildConfigurationList = 7835670626745DF6008F9DA7 /* Build configuration list for PBXNativeTarget "AlphaHacks" */;
			buildPhases = (
				783566F326745DF4008F9DA7 /* Sources */,
				783566F426745DF4008F9DA7 /* Frameworks */,
				783566F526745DF4008F9DA7 /* Resources */,
			);
			buildRules = (
			);
			dependencies = (
			);
			name = AlphaHacks;
			productName = AlphaHacks;
			productReference = 783566F726745DF4008F9DA7 /* AlphaHacks.app */;
			productType = "com.apple.product-type.application";
		};
/* End PBXNativeTarget section */

/* Begin PBXProject section */
		783566EF26745DF4008F9DA7 /* Project object */ = {
			isa = PBXProject;
			attributes = {
				LastSwiftUpdateCheck = 1250;
				LastUpgradeCheck = 1250;
				TargetAttributes = {
					783566F626745DF4008F9DA7 = {
						CreatedOnToolsVersion = 12.5;
					};
				};
			};
			buildConfigurationList = 783566F226745DF4008F9DA7 /* Build configuration list for PBXProject "AlphaHacks" */;
			compatibilityVersion = "Xcode 9.3";
			developmentRegion = en;
			hasScannedForEncodings = 0;
			knownRegions = (
				en,
				Base,
			);
			mainGroup = 783566EE26745DF4008F9DA7;
			productRefGroup = 783566F826745DF4008F9DA7 /* Products */;
			projectDirPath = "";
			projectRoot = "";
			targets = (
				783566F626745DF4008F9DA7 /* AlphaHacks */,
			);
		};
/* End PBXProject section */

/* Begin PBXResourcesBuildPhase section */
		783566F526745DF4008F9DA7 /* Resources */ = {
			isa = PBXResourcesBuildPhase;
			buildActionMask = 2147483647;
			files = (
				7835670226745DF6008F9DA7 /* Preview Assets.xcassets in Resources */,
				783566FF26745DF6008F9DA7 /* Assets.xcassets in Resources */,
			);
			runOnlyForDeploymentPostprocessing = 0;
		};
/* End PBXResourcesBuildPhase section */

/* Begin PBXSourcesBuildPhase section */
		783566F326745DF4008F9DA7 /* Sources */ = {
			isa = PBXSourcesBuildPhase;
			buildActionMask = 2147483647;
			files = (
				78D4E62226751A6B00AC1E4E /* CameraBase.swift in Sources */,
				783566FD26745DF4008F9DA7 /* ContentView.swift in Sources */,
				78D4E6242675240200AC1E4E /* AppState.swift in Sources */,
				783566FB26745DF4008F9DA7 /* AlphaHacksApp.swift in Sources */,
			);
			runOnlyForDeploymentPostprocessing = 0;
		};
/* End PBXSourcesBuildPhase section */

/* Begin XCBuildConfiguration section */
		7835670426745DF6008F9DA7 /* Debug */ = {
			isa = XCBuildConfiguration;
			buildSettings = {
				ALWAYS_SEARCH_USER_PATHS = NO;
				CLANG_ANALYZER_NONNULL = YES;
				CLANG_ANALYZER_NUMBER_OBJECT_CONVERSION = YES_AGGRESSIVE;
				CLANG_CXX_LANGUAGE_STANDARD = "gnu++14";
				CLANG_CXX_LIBRARY = "libc++";
				CLANG_ENABLE_MODULES = YES;
				CLANG_ENABLE_OBJC_ARC = YES;
				CLANG_ENABLE_OBJC_WEAK = YES;
				CLANG_WARN_BLOCK_CAPTURE_AUTORELEASING = YES;
				CLANG_WARN_BOOL_CONVERSION = YES;
				CLANG_WARN_COMMA = YES;
				CLANG_WARN_CONSTANT_CONVERSION = YES;
				CLANG_WARN_DEPRECATED_OBJC_IMPLEMENTATIONS = YES;
				CLANG_WARN_DIRECT_OBJC_ISA_USAGE = YES_ERROR;
				CLANG_WARN_DOCUMENTATION_COMMENTS = YES;
				CLANG_WARN_EMPTY_BODY = YES;
				CLANG_WARN_ENUM_CONVERSION = YES;
				CLANG_WARN_INFINITE_RECURSION = YES;
				CLANG_WARN_INT_CONVERSION = YES;
				CLANG_WARN_NON_LITERAL_NULL_CONVERSION = YES;
				CLANG_WARN_OBJC_IMPLICIT_RETAIN_SELF = YES;
				CLANG_WARN_OBJC_LITERAL_CONVERSION = YES;
				CLANG_WARN_OBJC_ROOT_CLASS = YES_ERROR;
				CLANG_WARN_QUOTED_INCLUDE_IN_FRAMEWORK_HEADER = YES;
				CLANG_WARN_RANGE_LOOP_ANALYSIS = YES;
				CLANG_WARN_STRICT_PROTOTYPES = YES;
				CLANG_WARN_SUSPICIOUS_MOVE = YES;
				CLANG_WARN_UNGUARDED_AVAILABILITY = YES_AGGRESSIVE;
				CLANG_WARN_UNREACHABLE_CODE = YES;
				CLANG_WARN__DUPLICATE_METHOD_MATCH = YES;
				COPY_PHASE_STRIP = NO;
				DEBUG_INFORMATION_FORMAT = dwarf;
				ENABLE_STRICT_OBJC_MSGSEND = YES;
				ENABLE_TESTABILITY = YES;
				GCC_C_LANGUAGE_STANDARD = gnu11;
				GCC_DYNAMIC_NO_PIC = NO;
				GCC_NO_COMMON_BLOCKS = YES;
				GCC_OPTIMIZATION_LEVEL = 0;
				GCC_PREPROCESSOR_DEFINITIONS = (
					"DEBUG=1",
					"$(inherited)",
				);
				GCC_WARN_64_TO_32_BIT_CONVERSION = YES;
				GCC_WARN_ABOUT_RETURN_TYPE = YES_ERROR;
				GCC_WARN_UNDECLARED_SELECTOR = YES;
				GCC_WARN_UNINITIALIZED_AUTOS = YES_AGGRESSIVE;
				GCC_WARN_UNUSED_FUNCTION = YES;
				GCC_WARN_UNUSED_VARIABLE = YES;
				IPHONEOS_DEPLOYMENT_TARGET = 14.5;
				MTL_ENABLE_DEBUG_INFO = INCLUDE_SOURCE;
				MTL_FAST_MATH = YES;
				ONLY_ACTIVE_ARCH = YES;
				SDKROOT = iphoneos;
				SWIFT_ACTIVE_COMPILATION_CONDITIONS = DEBUG;
				SWIFT_OPTIMIZATION_LEVEL = "-Onone";
			};
			name = Debug;
		};
		7835670526745DF6008F9DA7 /* Release */ = {
			isa = XCBuildConfiguration;
			buildSettings = {
				ALWAYS_SEARCH_USER_PATHS = NO;
				CLANG_ANALYZER_NONNULL = YES;
				CLANG_ANALYZER_NUMBER_OBJECT_CONVERSION = YES_AGGRESSIVE;
				CLANG_CXX_LANGUAGE_STANDARD = "gnu++14";
				CLANG_CXX_LIBRARY = "libc++";
				CLANG_ENABLE_MODULES = YES;
				CLANG_ENABLE_OBJC_ARC = YES;
				CLANG_ENABLE_OBJC_WEAK = YES;
				CLANG_WARN_BLOCK_CAPTURE_AUTORELEASING = YES;
				CLANG_WARN_BOOL_CONVERSION = YES;
				CLANG_WARN_COMMA = YES;
				CLANG_WARN_CONSTANT_CONVERSION = YES;
				CLANG_WARN_DEPRECATED_OBJC_IMPLEMENTATIONS = YES;
				CLANG_WARN_DIRECT_OBJC_ISA_USAGE = YES_ERROR;
				CLANG_WARN_DOCUMENTATION_COMMENTS = YES;
				CLANG_WARN_EMPTY_BODY = YES;
				CLANG_WARN_ENUM_CONVERSION = YES;
				CLANG_WARN_INFINITE_RECURSION = YES;
				CLANG_WARN_INT_CONVERSION = YES;
				CLANG_WARN_NON_LITERAL_NULL_CONVERSION = YES;
				CLANG_WARN_OBJC_IMPLICIT_RETAIN_SELF = YES;
				CLANG_WARN_OBJC_LITERAL_CONVERSION = YES;
				CLANG_WARN_OBJC_ROOT_CLASS = YES_ERROR;
				CLANG_WARN_QUOTED_INCLUDE_IN_FRAMEWORK_HEADER = YES;
				CLANG_WARN_RANGE_LOOP_ANALYSIS = YES;
				CLANG_WARN_STRICT_PROTOTYPES = YES;
				CLANG_WARN_SUSPICIOUS_MOVE = YES;
				CLANG_WARN_UNGUARDED_AVAILABILITY = YES_AGGRESSIVE;
				CLANG_WARN_UNREACHABLE_CODE = YES;
				CLANG_WARN__DUPLICATE_METHOD_MATCH = YES;
				COPY_PHASE_STRIP = NO;
				DEBUG_INFORMATION_FORMAT = "dwarf-with-dsym";
				ENABLE_NS_ASSERTIONS = NO;
				ENABLE_STRICT_OBJC_MSGSEND = YES;
				GCC_C_LANGUAGE_STANDARD = gnu11;
				GCC_NO_COMMON_BLOCKS = YES;
				GCC_WARN_64_TO_32_BIT_CONVERSION = YES;
				GCC_WARN_ABOUT_RETURN_TYPE = YES_ERROR;
				GCC_WARN_UNDECLARED_SELECTOR = YES;
				GCC_WARN_UNINITIALIZED_AUTOS = YES_AGGRESSIVE;
				GCC_WARN_UNUSED_FUNCTION = YES;
				GCC_WARN_UNUSED_VARIABLE = YES;
				IPHONEOS_DEPLOYMENT_TARGET = 14.5;
				MTL_ENABLE_DEBUG_INFO = NO;
				MTL_FAST_MATH = YES;
				SDKROOT = iphoneos;
				SWIFT_COMPILATION_MODE = wholemodule;
				SWIFT_OPTIMIZATION_LEVEL = "-O";
				VALIDATE_PRODUCT = YES;
			};
			name = Release;
		};
		7835670726745DF6008F9DA7 /* Debug */ = {
			isa = XCBuildConfiguration;
			buildSettings = {
				ASSETCATALOG_COMPILER_APPICON_NAME = AppIcon;
				ASSETCATALOG_COMPILER_GLOBAL_ACCENT_COLOR_NAME = AccentColor;
				CODE_SIGN_STYLE = Automatic;
				DEVELOPMENT_ASSET_PATHS = "\"AlphaHacks/Preview Content\"";
				DEVELOPMENT_TEAM = 65VEZ757KM;
				ENABLE_PREVIEWS = YES;
				INFOPLIST_FILE = AlphaHacks/Info.plist;
				IPHONEOS_DEPLOYMENT_TARGET = 14.0;
				LD_RUNPATH_SEARCH_PATHS = (
					"$(inherited)",
					"@executable_path/Frameworks",
				);
				PRODUCT_BUNDLE_IDENTIFIER = "arpan-dhatt.AlphaHacks";
				PRODUCT_NAME = "$(TARGET_NAME)";
				SWIFT_VERSION = 5.0;
				TARGETED_DEVICE_FAMILY = "1,2";
			};
			name = Debug;
		};
		7835670826745DF6008F9DA7 /* Release */ = {
			isa = XCBuildConfiguration;
			buildSettings = {
				ASSETCATALOG_COMPILER_APPICON_NAME = AppIcon;
				ASSETCATALOG_COMPILER_GLOBAL_ACCENT_COLOR_NAME = AccentColor;
				CODE_SIGN_STYLE = Automatic;
				DEVELOPMENT_ASSET_PATHS = "\"AlphaHacks/Preview Content\"";
				DEVELOPMENT_TEAM = 65VEZ757KM;
				ENABLE_PREVIEWS = YES;
				INFOPLIST_FILE = AlphaHacks/Info.plist;
				IPHONEOS_DEPLOYMENT_TARGET = 14.0;
				LD_RUNPATH_SEARCH_PATHS = (
					"$(inherited)",
					"@executable_path/Frameworks",
				);
				PRODUCT_BUNDLE_IDENTIFIER = "arpan-dhatt.AlphaHacks";
				PRODUCT_NAME = "$(TARGET_NAME)";
				SWIFT_VERSION = 5.0;
				TARGETED_DEVICE_FAMILY = "1,2";
			};
			name = Release;
		};
/* End XCBuildConfiguration section */

/* Begin XCConfigurationList section */
		783566F226745DF4008F9DA7 /* Build configuration list for PBXProject "AlphaHacks" */ = {
			isa = XCConfigurationList;
			buildConfigurations = (
				7835670426745DF6008F9DA7 /* Debug */,
				7835670526745DF6008F9DA7 /* Release */,
			);
			defaultConfigurationIsVisible = 0;
			defaultConfigurationName = Release;
		};
		7835670626745DF6008F9DA7 /* Build configuration list for PBXNativeTarget "AlphaHacks" */ = {
			isa = XCConfigurationList;
			buildConfigurations = (
				7835670726745DF6008F9DA7 /* Debug */,
				7835670826745DF6008F9DA7 /* Release */,
			);
			defaultConfigurationIsVisible = 0;
			defaultConfigurationName = Release;
		};
/* End XCConfigurationList section */
	};
	rootObject = 783566EF26745DF4008F9DA7 /* Project object */;
}
